
Microsoft Visual Studio Solution File, Format Version 12.00
# Visual Studio Version 17
VisualStudioVersion = 17.11.35327.3
MinimumVisualStudioVersion = 10.0.40219.1
Project("{2150E333-8FDC-42A3-9474-1A3956D46DE8}") = "Core", "Core", "{DFDAE48A-E140-4B95-9D17-9DD57BCAE808}"
EndProject
Project("{2150E333-8FDC-42A3-9474-1A3956D46DE8}") = "Infrastructure", "Infrastructure", "{DCE0A7A1-C5C7-44DC-BA42-AA44E91A504B}"
EndProject
Project("{2150E333-8FDC-42A3-9474-1A3956D46DE8}") = "IOC", "IOC", "{FCAE86D2-1674-4C53-9AEA-4EE825B27459}"
EndProject
Project("{2150E333-8FDC-42A3-9474-1A3956D46DE8}") = "Presentation", "Presentation", "{DEAD5C90-F319-42AF-85BD-6F6B8BE60544}"
EndProject
Project("{2150E333-8FDC-42A3-9474-1A3956D46DE8}") = "Domain", "Domain", "{B51D4035-2252-48BF-960C-EDF2FE3D1396}"
EndProject
Project("{2150E333-8FDC-42A3-9474-1A3956D46DE8}") = "Application", "Application", "{C466338E-1DB6-4345-8F6A-B0D62F354A4F}"
EndProject
Project("{9A19103F-16F7-4668-BE54-9A1E7A4F7556}") = "SAOC.Application", "SAOC.Application\SAOC.Application.csproj", "{44A4E0DD-4A5A-49EE-ADE5-6A00EB541999}"
EndProject
Project("{9A19103F-16F7-4668-BE54-9A1E7A4F7556}") = "SAOC.Domain", "SAOC.Domain\SAOC.Domain.csproj", "{EDA417C4-471B-4652-A872-4F19538075EC}"
EndProject
Project("{2150E333-8FDC-42A3-9474-1A3956D46DE8}") = "Persistence", "Persistence", "{1759DE70-2319-4EC8-8434-4693ED1F22FF}"
EndProject
Project("{9A19103F-16F7-4668-BE54-9A1E7A4F7556}") = "SAOC.Persistence", "SAOC.Persistence\SAOC.Persistence.csproj", "{5280390E-1453-4894-956C-FD997287112D}"
EndProject
Project("{9A19103F-16F7-4668-BE54-9A1E7A4F7556}") = "SAOC.Presentation", "SAOC.Presentation\SAOC.Presentation.csproj", "{5467B5AD-A66F-4E08-8CDC-EB9E6C4E931B}"
EndProject
Project("{9A19103F-16F7-4668-BE54-9A1E7A4F7556}") = "SAOC.IOC", "SAOC.IOC\SAOC.IOC.csproj", "{461CD6CA-1B9F-4181-A8BF-46BA492B1BA5}"
EndProject
Project("{FAE04EC0-301F-11D3-BF4B-00C04F79EFBC}") = "SAOC.Infrastructure", "SAOC.Infrastructure\SAOC.Infrastructure.csproj", "{6E92DD1E-3C4E-4384-9661-17038C304318}"
EndProject
Global
	GlobalSection(SolutionConfigurationPlatforms) = preSolution
		Debug|Any CPU = Debug|Any CPU
		Release|Any CPU = Release|Any CPU
	EndGlobalSection
	GlobalSection(ProjectConfigurationPlatforms) = postSolution
		{44A4E0DD-4A5A-49EE-ADE5-6A00EB541999}.Debug|Any CPU.ActiveCfg = Debug|Any CPU
		{44A4E0DD-4A5A-49EE-ADE5-6A00EB541999}.Debug|Any CPU.Build.0 = Debug|Any CPU
		{44A4E0DD-4A5A-49EE-ADE5-6A00EB541999}.Release|Any CPU.ActiveCfg = Release|Any CPU
		{44A4E0DD-4A5A-49EE-ADE5-6A00EB541999}.Release|Any CPU.Build.0 = Release|Any CPU
		{EDA417C4-471B-4652-A872-4F19538075EC}.Debug|Any CPU.ActiveCfg = Debug|Any CPU
		{EDA417C4-471B-4652-A872-4F19538075EC}.Debug|Any CPU.Build.0 = Debug|Any CPU
		{EDA417C4-471B-4652-A872-4F19538075EC}.Release|Any CPU.ActiveCfg = Release|Any CPU
		{EDA417C4-471B-4652-A872-4F19538075EC}.Release|Any CPU.Build.0 = Release|Any CPU
		{5280390E-1453-4894-956C-FD997287112D}.Debug|Any CPU.ActiveCfg = Debug|Any CPU
		{5280390E-1453-4894-956C-FD997287112D}.Debug|Any CPU.Build.0 = Debug|Any CPU
		{5280390E-1453-4894-956C-FD997287112D}.Release|Any CPU.ActiveCfg = Release|Any CPU
		{5280390E-1453-4894-956C-FD997287112D}.Release|Any CPU.Build.0 = Release|Any CPU
		{5467B5AD-A66F-4E08-8CDC-EB9E6C4E931B}.Debug|Any CPU.ActiveCfg = Debug|Any CPU
		{5467B5AD-A66F-4E08-8CDC-EB9E6C4E931B}.Debug|Any CPU.Build.0 = Debug|Any CPU
		{5467B5AD-A66F-4E08-8CDC-EB9E6C4E931B}.Release|Any CPU.ActiveCfg = Release|Any CPU
		{5467B5AD-A66F-4E08-8CDC-EB9E6C4E931B}.Release|Any CPU.Build.0 = Release|Any CPU
		{461CD6CA-1B9F-4181-A8BF-46BA492B1BA5}.Debug|Any CPU.ActiveCfg = Debug|Any CPU
		{461CD6CA-1B9F-4181-A8BF-46BA492B1BA5}.Debug|Any CPU.Build.0 = Debug|Any CPU
		{461CD6CA-1B9F-4181-A8BF-46BA492B1BA5}.Release|Any CPU.ActiveCfg = Release|Any CPU
		{461CD6CA-1B9F-4181-A8BF-46BA492B1BA5}.Release|Any CPU.Build.0 = Release|Any CPU
		{6E92DD1E-3C4E-4384-9661-17038C304318}.Debug|Any CPU.ActiveCfg = Debug|Any CPU
		{6E92DD1E-3C4E-4384-9661-17038C304318}.Debug|Any CPU.Build.0 = Debug|Any CPU
		{6E92DD1E-3C4E-4384-9661-17038C304318}.Release|Any CPU.ActiveCfg = Release|Any CPU
		{6E92DD1E-3C4E-4384-9661-17038C304318}.Release|Any CPU.Build.0 = Release|Any CPU
	EndGlobalSection
	GlobalSection(SolutionProperties) = preSolution
		HideSolutionNode = FALSE
	EndGlobalSection
	GlobalSection(NestedProjects) = preSolution
		{B51D4035-2252-48BF-960C-EDF2FE3D1396} = {DFDAE48A-E140-4B95-9D17-9DD57BCAE808}
		{C466338E-1DB6-4345-8F6A-B0D62F354A4F} = {DFDAE48A-E140-4B95-9D17-9DD57BCAE808}
		{44A4E0DD-4A5A-49EE-ADE5-6A00EB541999} = {C466338E-1DB6-4345-8F6A-B0D62F354A4F}
		{EDA417C4-471B-4652-A872-4F19538075EC} = {B51D4035-2252-48BF-960C-EDF2FE3D1396}
		{1759DE70-2319-4EC8-8434-4693ED1F22FF} = {DCE0A7A1-C5C7-44DC-BA42-AA44E91A504B}
		{5280390E-1453-4894-956C-FD997287112D} = {1759DE70-2319-4EC8-8434-4693ED1F22FF}
		{5467B5AD-A66F-4E08-8CDC-EB9E6C4E931B} = {DEAD5C90-F319-42AF-85BD-6F6B8BE60544}
		{461CD6CA-1B9F-4181-A8BF-46BA492B1BA5} = {FCAE86D2-1674-4C53-9AEA-4EE825B27459}
		{6E92DD1E-3C4E-4384-9661-17038C304318} = {DCE0A7A1-C5C7-44DC-BA42-AA44E91A504B}
	EndGlobalSection
	GlobalSection(ExtensibilityGlobals) = postSolution
		SolutionGuid = {D026FF0F-ACA5-46AE-B761-7BD74948D007}
	EndGlobalSection
EndGlobal
